// !$*UTF8*$!
{
	archiveVersion = 1;
	classes = {
	};
	objectVersion = 56;
	objects = {

/* Begin PBXBuildFile section */
		40A8D9B0296371AE001FAD35 /* RMService.swift in Sources */ = {isa = PBXBuildFile; fileRef = 40A8D9AF296371AE001FAD35 /* RMService.swift */; };
		40A8D9B2296371B9001FAD35 /* RMRequest.swift in Sources */ = {isa = PBXBuildFile; fileRef = 40A8D9B1296371B9001FAD35 /* RMRequest.swift */; };
		40A8D9B429637519001FAD35 /* RMEndpoint.swift in Sources */ = {isa = PBXBuildFile; fileRef = 40A8D9B329637519001FAD35 /* RMEndpoint.swift */; };
		40C4E47F2960592500F2D40C /* AppDelegate.swift in Sources */ = {isa = PBXBuildFile; fileRef = 40C4E47E2960592500F2D40C /* AppDelegate.swift */; };
		40C4E4812960592500F2D40C /* SceneDelegate.swift in Sources */ = {isa = PBXBuildFile; fileRef = 40C4E4802960592500F2D40C /* SceneDelegate.swift */; };
		40C4E4832960592500F2D40C /* RMTabViewController.swift in Sources */ = {isa = PBXBuildFile; fileRef = 40C4E4822960592500F2D40C /* RMTabViewController.swift */; };
		40C4E4882960592B00F2D40C /* Assets.xcassets in Resources */ = {isa = PBXBuildFile; fileRef = 40C4E4872960592B00F2D40C /* Assets.xcassets */; };
		40C4E48B2960592B00F2D40C /* LaunchScreen.storyboard in Resources */ = {isa = PBXBuildFile; fileRef = 40C4E4892960592B00F2D40C /* LaunchScreen.storyboard */; };
		40CF0ED129607FEB004C1EED /* RMLocation.swift in Sources */ = {isa = PBXBuildFile; fileRef = 40CF0ED029607FEB004C1EED /* RMLocation.swift */; };
		40CF0ED32960840A004C1EED /* RMEpisode.swift in Sources */ = {isa = PBXBuildFile; fileRef = 40CF0ED22960840A004C1EED /* RMEpisode.swift */; };
		40CF0ED529608414004C1EED /* RMCharacter.swift in Sources */ = {isa = PBXBuildFile; fileRef = 40CF0ED429608414004C1EED /* RMCharacter.swift */; };
		40CF0ED9296086FB004C1EED /* RMCharacterViewController.swift in Sources */ = {isa = PBXBuildFile; fileRef = 40CF0ED8296086FB004C1EED /* RMCharacterViewController.swift */; };
		40CF0EDB29608711004C1EED /* RMLocationViewController.swift in Sources */ = {isa = PBXBuildFile; fileRef = 40CF0EDA29608711004C1EED /* RMLocationViewController.swift */; };
		40CF0EDD2960871F004C1EED /* RMEpisodeViewController.swift in Sources */ = {isa = PBXBuildFile; fileRef = 40CF0EDC2960871F004C1EED /* RMEpisodeViewController.swift */; };
		40CF0EDF29608729004C1EED /* RMSettingsViewController.swift in Sources */ = {isa = PBXBuildFile; fileRef = 40CF0EDE29608729004C1EED /* RMSettingsViewController.swift */; };
/* End PBXBuildFile section */

/* Begin PBXFileReference section */
		40A8D9AF296371AE001FAD35 /* RMService.swift */ = {isa = PBXFileReference; lastKnownFileType = sourcecode.swift; path = RMService.swift; sourceTree = "<group>"; };
		40A8D9B1296371B9001FAD35 /* RMRequest.swift */ = {isa = PBXFileReference; lastKnownFileType = sourcecode.swift; path = RMRequest.swift; sourceTree = "<group>"; };
		40A8D9B329637519001FAD35 /* RMEndpoint.swift */ = {isa = PBXFileReference; lastKnownFileType = sourcecode.swift; path = RMEndpoint.swift; sourceTree = "<group>"; };
		40C4E47B2960592500F2D40C /* RickAndMortyApp.app */ = {isa = PBXFileReference; explicitFileType = wrapper.application; includeInIndex = 0; path = RickAndMortyApp.app; sourceTree = BUILT_PRODUCTS_DIR; };
		40C4E47E2960592500F2D40C /* AppDelegate.swift */ = {isa = PBXFileReference; lastKnownFileType = sourcecode.swift; path = AppDelegate.swift; sourceTree = "<group>"; };
		40C4E4802960592500F2D40C /* SceneDelegate.swift */ = {isa = PBXFileReference; lastKnownFileType = sourcecode.swift; path = SceneDelegate.swift; sourceTree = "<group>"; };
		40C4E4822960592500F2D40C /* RMTabViewController.swift */ = {isa = PBXFileReference; lastKnownFileType = sourcecode.swift; path = RMTabViewController.swift; sourceTree = "<group>"; };
		40C4E4872960592B00F2D40C /* Assets.xcassets */ = {isa = PBXFileReference; lastKnownFileType = folder.assetcatalog; path = Assets.xcassets; sourceTree = "<group>"; };
		40C4E48A2960592B00F2D40C /* Base */ = {isa = PBXFileReference; lastKnownFileType = file.storyboard; name = Base; path = Base.lproj/LaunchScreen.storyboard; sourceTree = "<group>"; };
		40C4E48C2960592B00F2D40C /* Info.plist */ = {isa = PBXFileReference; lastKnownFileType = text.plist.xml; path = Info.plist; sourceTree = "<group>"; };
		40CF0ED029607FEB004C1EED /* RMLocation.swift */ = {isa = PBXFileReference; lastKnownFileType = sourcecode.swift; path = RMLocation.swift; sourceTree = "<group>"; };
		40CF0ED22960840A004C1EED /* RMEpisode.swift */ = {isa = PBXFileReference; lastKnownFileType = sourcecode.swift; path = RMEpisode.swift; sourceTree = "<group>"; };
		40CF0ED429608414004C1EED /* RMCharacter.swift */ = {isa = PBXFileReference; lastKnownFileType = sourcecode.swift; path = RMCharacter.swift; sourceTree = "<group>"; };
		40CF0ED8296086FB004C1EED /* RMCharacterViewController.swift */ = {isa = PBXFileReference; lastKnownFileType = sourcecode.swift; path = RMCharacterViewController.swift; sourceTree = "<group>"; };
		40CF0EDA29608711004C1EED /* RMLocationViewController.swift */ = {isa = PBXFileReference; lastKnownFileType = sourcecode.swift; path = RMLocationViewController.swift; sourceTree = "<group>"; };
		40CF0EDC2960871F004C1EED /* RMEpisodeViewController.swift */ = {isa = PBXFileReference; lastKnownFileType = sourcecode.swift; path = RMEpisodeViewController.swift; sourceTree = "<group>"; };
		40CF0EDE29608729004C1EED /* RMSettingsViewController.swift */ = {isa = PBXFileReference; lastKnownFileType = sourcecode.swift; path = RMSettingsViewController.swift; sourceTree = "<group>"; };
/* End PBXFileReference section */

/* Begin PBXFrameworksBuildPhase section */
		40C4E4782960592500F2D40C /* Frameworks */ = {
			isa = PBXFrameworksBuildPhase;
			buildActionMask = 2147483647;
			files = (
			);
			runOnlyForDeploymentPostprocessing = 0;
		};
/* End PBXFrameworksBuildPhase section */

/* Begin PBXGroup section */
		40C4E4722960592500F2D40C = {
			isa = PBXGroup;
			children = (
				40C4E47D2960592500F2D40C /* RickAndMortyApp */,
				40C4E47C2960592500F2D40C /* Products */,
			);
			sourceTree = "<group>";
		};
		40C4E47C2960592500F2D40C /* Products */ = {
			isa = PBXGroup;
			children = (
				40C4E47B2960592500F2D40C /* RickAndMortyApp.app */,
			);
			name = Products;
			sourceTree = "<group>";
		};
		40C4E47D2960592500F2D40C /* RickAndMortyApp */ = {
			isa = PBXGroup;
			children = (
				40CF0ED629608672004C1EED /* Controllers */,
				40CF0ECF29607C3E004C1EED /* Resources */,
				40CF0ECE29607C37004C1EED /* Managers */,
				40CF0ECD29607BF9004C1EED /* Views */,
				40CF0ECC29607BF2004C1EED /* ViewModels */,
				40CF0ECB29607BEC004C1EED /* Models */,
				40CF0EC929607B3A004C1EED /* APIClient */,
				40C4E48C2960592B00F2D40C /* Info.plist */,
			);
			path = RickAndMortyApp;
			sourceTree = "<group>";
		};
		40CF0EC929607B3A004C1EED /* APIClient */ = {
			isa = PBXGroup;
			children = (
				40A8D9AF296371AE001FAD35 /* RMService.swift */,
				40A8D9B1296371B9001FAD35 /* RMRequest.swift */,
				40A8D9B329637519001FAD35 /* RMEndpoint.swift */,
			);
			path = APIClient;
			sourceTree = "<group>";
		};
		40CF0ECB29607BEC004C1EED /* Models */ = {
			isa = PBXGroup;
			children = (
				40CF0ED029607FEB004C1EED /* RMLocation.swift */,
				40CF0ED22960840A004C1EED /* RMEpisode.swift */,
				40CF0ED429608414004C1EED /* RMCharacter.swift */,
			);
			path = Models;
			sourceTree = "<group>";
		};
		40CF0ECC29607BF2004C1EED /* ViewModels */ = {
			isa = PBXGroup;
			children = (
			);
			path = ViewModels;
			sourceTree = "<group>";
		};
		40CF0ECD29607BF9004C1EED /* Views */ = {
			isa = PBXGroup;
			children = (
			);
			path = Views;
			sourceTree = "<group>";
		};
		40CF0ECE29607C37004C1EED /* Managers */ = {
			isa = PBXGroup;
			children = (
			);
			path = Managers;
			sourceTree = "<group>";
		};
		40CF0ECF29607C3E004C1EED /* Resources */ = {
			isa = PBXGroup;
			children = (
				40C4E47E2960592500F2D40C /* AppDelegate.swift */,
				40C4E4802960592500F2D40C /* SceneDelegate.swift */,
				40C4E4892960592B00F2D40C /* LaunchScreen.storyboard */,
				40C4E4872960592B00F2D40C /* Assets.xcassets */,
			);
			path = Resources;
			sourceTree = "<group>";
		};
		40CF0ED629608672004C1EED /* Controllers */ = {
			isa = PBXGroup;
			children = (
				40CF0ED7296086C5004C1EED /* Core */,
			);
			path = Controllers;
			sourceTree = "<group>";
		};
		40CF0ED7296086C5004C1EED /* Core */ = {
			isa = PBXGroup;
			children = (
				40C4E4822960592500F2D40C /* RMTabViewController.swift */,
				40CF0ED8296086FB004C1EED /* RMCharacterViewController.swift */,
				40CF0EDA29608711004C1EED /* RMLocationViewController.swift */,
				40CF0EDC2960871F004C1EED /* RMEpisodeViewController.swift */,
				40CF0EDE29608729004C1EED /* RMSettingsViewController.swift */,
			);
			path = Core;
			sourceTree = "<group>";
		};
/* End PBXGroup section */

/* Begin PBXNativeTarget section */
		40C4E47A2960592500F2D40C /* RickAndMortyApp */ = {
			isa = PBXNativeTarget;
			buildConfigurationList = 40C4E48F2960592B00F2D40C /* Build configuration list for PBXNativeTarget "RickAndMortyApp" */;
			buildPhases = (
				40C4E4772960592500F2D40C /* Sources */,
				40C4E4782960592500F2D40C /* Frameworks */,
				40C4E4792960592500F2D40C /* Resources */,
			);
			buildRules = (
			);
			dependencies = (
			);
			name = RickAndMortyApp;
			productName = RickAndMortyApp;
			productReference = 40C4E47B2960592500F2D40C /* RickAndMortyApp.app */;
			productType = "com.apple.product-type.application";
		};
/* End PBXNativeTarget section */

/* Begin PBXProject section */
		40C4E4732960592500F2D40C /* Project object */ = {
			isa = PBXProject;
			attributes = {
				BuildIndependentTargetsInParallel = 1;
				LastSwiftUpdateCheck = 1420;
				LastUpgradeCheck = 1420;
				TargetAttributes = {
					40C4E47A2960592500F2D40C = {
						CreatedOnToolsVersion = 14.2;
					};
				};
			};
			buildConfigurationList = 40C4E4762960592500F2D40C /* Build configuration list for PBXProject "RickAndMortyApp" */;
			compatibilityVersion = "Xcode 14.0";
			developmentRegion = en;
			hasScannedForEncodings = 0;
			knownRegions = (
				en,
				Base,
			);
			mainGroup = 40C4E4722960592500F2D40C;
			productRefGroup = 40C4E47C2960592500F2D40C /* Products */;
			projectDirPath = "";
			projectRoot = "";
			targets = (
				40C4E47A2960592500F2D40C /* RickAndMortyApp */,
			);
		};
/* End PBXProject section */

/* Begin PBXResourcesBuildPhase section */
		40C4E4792960592500F2D40C /* Resources */ = {
			isa = PBXResourcesBuildPhase;
			buildActionMask = 2147483647;
			files = (
				40C4E48B2960592B00F2D40C /* LaunchScreen.storyboard in Resources */,
				40C4E4882960592B00F2D40C /* Assets.xcassets in Resources */,
			);
			runOnlyForDeploymentPostprocessing = 0;
		};
/* End PBXResourcesBuildPhase section */

/* Begin PBXSourcesBuildPhase section */
		40C4E4772960592500F2D40C /* Sources */ = {
			isa = PBXSourcesBuildPhase;
			buildActionMask = 2147483647;
			files = (
				40CF0EDB29608711004C1EED /* RMLocationViewController.swift in Sources */,
				40CF0ED529608414004C1EED /* RMCharacter.swift in Sources */,
				40C4E4832960592500F2D40C /* RMTabViewController.swift in Sources */,
				40CF0EDD2960871F004C1EED /* RMEpisodeViewController.swift in Sources */,
				40C4E47F2960592500F2D40C /* AppDelegate.swift in Sources */,
				40CF0ED32960840A004C1EED /* RMEpisode.swift in Sources */,
				40CF0EDF29608729004C1EED /* RMSettingsViewController.swift in Sources */,
				40A8D9B0296371AE001FAD35 /* RMService.swift in Sources */,
				40C4E4812960592500F2D40C /* SceneDelegate.swift in Sources */,
				40A8D9B429637519001FAD35 /* RMEndpoint.swift in Sources */,
				40CF0ED129607FEB004C1EED /* RMLocation.swift in Sources */,
				40A8D9B2296371B9001FAD35 /* RMRequest.swift in Sources */,
				40CF0ED9296086FB004C1EED /* RMCharacterViewController.swift in Sources */,
			);
			runOnlyForDeploymentPostprocessing = 0;
		};
/* End PBXSourcesBuildPhase section */

/* Begin PBXVariantGroup section */
		40C4E4892960592B00F2D40C /* LaunchScreen.storyboard */ = {
			isa = PBXVariantGroup;
			children = (
				40C4E48A2960592B00F2D40C /* Base */,
			);
			name = LaunchScreen.storyboard;
			sourceTree = "<group>";
		};
/* End PBXVariantGroup section */

/* Begin XCBuildConfiguration section */
		40C4E48D2960592B00F2D40C /* Debug */ = {
			isa = XCBuildConfiguration;
			buildSettings = {
				ALWAYS_SEARCH_USER_PATHS = NO;
				CLANG_ANALYZER_NONNULL = YES;
				CLANG_ANALYZER_NUMBER_OBJECT_CONVERSION = YES_AGGRESSIVE;
				CLANG_CXX_LANGUAGE_STANDARD = "gnu++20";
				CLANG_ENABLE_MODULES = YES;
				CLANG_ENABLE_OBJC_ARC = YES;
				CLANG_ENABLE_OBJC_WEAK = YES;
				CLANG_WARN_BLOCK_CAPTURE_AUTORELEASING = YES;
				CLANG_WARN_BOOL_CONVERSION = YES;
				CLANG_WARN_COMMA = YES;
				CLANG_WARN_CONSTANT_CONVERSION = YES;
				CLANG_WARN_DEPRECATED_OBJC_IMPLEMENTATIONS = YES;
				CLANG_WARN_DIRECT_OBJC_ISA_USAGE = YES_ERROR;
				CLANG_WARN_DOCUMENTATION_COMMENTS = YES;
				CLANG_WARN_EMPTY_BODY = YES;
				CLANG_WARN_ENUM_CONVERSION = YES;
				CLANG_WARN_INFINITE_RECURSION = YES;
				CLANG_WARN_INT_CONVERSION = YES;
				CLANG_WARN_NON_LITERAL_NULL_CONVERSION = YES;
				CLANG_WARN_OBJC_IMPLICIT_RETAIN_SELF = YES;
				CLANG_WARN_OBJC_LITERAL_CONVERSION = YES;
				CLANG_WARN_OBJC_ROOT_CLASS = YES_ERROR;
				CLANG_WARN_QUOTED_INCLUDE_IN_FRAMEWORK_HEADER = YES;
				CLANG_WARN_RANGE_LOOP_ANALYSIS = YES;
				CLANG_WARN_STRICT_PROTOTYPES = YES;
				CLANG_WARN_SUSPICIOUS_MOVE = YES;
				CLANG_WARN_UNGUARDED_AVAILABILITY = YES_AGGRESSIVE;
				CLANG_WARN_UNREACHABLE_CODE = YES;
				CLANG_WARN__DUPLICATE_METHOD_MATCH = YES;
				COPY_PHASE_STRIP = NO;
				DEBUG_INFORMATION_FORMAT = dwarf;
				ENABLE_STRICT_OBJC_MSGSEND = YES;
				ENABLE_TESTABILITY = YES;
				GCC_C_LANGUAGE_STANDARD = gnu11;
				GCC_DYNAMIC_NO_PIC = NO;
				GCC_NO_COMMON_BLOCKS = YES;
				GCC_OPTIMIZATION_LEVEL = 0;
				GCC_PREPROCESSOR_DEFINITIONS = (
					"DEBUG=1",
					"$(inherited)",
				);
				GCC_WARN_64_TO_32_BIT_CONVERSION = YES;
				GCC_WARN_ABOUT_RETURN_TYPE = YES_ERROR;
				GCC_WARN_UNDECLARED_SELECTOR = YES;
				GCC_WARN_UNINITIALIZED_AUTOS = YES_AGGRESSIVE;
				GCC_WARN_UNUSED_FUNCTION = YES;
				GCC_WARN_UNUSED_VARIABLE = YES;
				IPHONEOS_DEPLOYMENT_TARGET = 16.2;
				MTL_ENABLE_DEBUG_INFO = INCLUDE_SOURCE;
				MTL_FAST_MATH = YES;
				ONLY_ACTIVE_ARCH = YES;
				SDKROOT = iphoneos;
				SWIFT_ACTIVE_COMPILATION_CONDITIONS = DEBUG;
				SWIFT_OPTIMIZATION_LEVEL = "-Onone";
			};
			name = Debug;
		};
		40C4E48E2960592B00F2D40C /* Release */ = {
			isa = XCBuildConfiguration;
			buildSettings = {
				ALWAYS_SEARCH_USER_PATHS = NO;
				CLANG_ANALYZER_NONNULL = YES;
				CLANG_ANALYZER_NUMBER_OBJECT_CONVERSION = YES_AGGRESSIVE;
				CLANG_CXX_LANGUAGE_STANDARD = "gnu++20";
				CLANG_ENABLE_MODULES = YES;
				CLANG_ENABLE_OBJC_ARC = YES;
				CLANG_ENABLE_OBJC_WEAK = YES;
				CLANG_WARN_BLOCK_CAPTURE_AUTORELEASING = YES;
				CLANG_WARN_BOOL_CONVERSION = YES;
				CLANG_WARN_COMMA = YES;
				CLANG_WARN_CONSTANT_CONVERSION = YES;
				CLANG_WARN_DEPRECATED_OBJC_IMPLEMENTATIONS = YES;
				CLANG_WARN_DIRECT_OBJC_ISA_USAGE = YES_ERROR;
				CLANG_WARN_DOCUMENTATION_COMMENTS = YES;
				CLANG_WARN_EMPTY_BODY = YES;
				CLANG_WARN_ENUM_CONVERSION = YES;
				CLANG_WARN_INFINITE_RECURSION = YES;
				CLANG_WARN_INT_CONVERSION = YES;
				CLANG_WARN_NON_LITERAL_NULL_CONVERSION = YES;
				CLANG_WARN_OBJC_IMPLICIT_RETAIN_SELF = YES;
				CLANG_WARN_OBJC_LITERAL_CONVERSION = YES;
				CLANG_WARN_OBJC_ROOT_CLASS = YES_ERROR;
				CLANG_WARN_QUOTED_INCLUDE_IN_FRAMEWORK_HEADER = YES;
				CLANG_WARN_RANGE_LOOP_ANALYSIS = YES;
				CLANG_WARN_STRICT_PROTOTYPES = YES;
				CLANG_WARN_SUSPICIOUS_MOVE = YES;
				CLANG_WARN_UNGUARDED_AVAILABILITY = YES_AGGRESSIVE;
				CLANG_WARN_UNREACHABLE_CODE = YES;
				CLANG_WARN__DUPLICATE_METHOD_MATCH = YES;
				COPY_PHASE_STRIP = NO;
				DEBUG_INFORMATION_FORMAT = "dwarf-with-dsym";
				ENABLE_NS_ASSERTIONS = NO;
				ENABLE_STRICT_OBJC_MSGSEND = YES;
				GCC_C_LANGUAGE_STANDARD = gnu11;
				GCC_NO_COMMON_BLOCKS = YES;
				GCC_WARN_64_TO_32_BIT_CONVERSION = YES;
				GCC_WARN_ABOUT_RETURN_TYPE = YES_ERROR;
				GCC_WARN_UNDECLARED_SELECTOR = YES;
				GCC_WARN_UNINITIALIZED_AUTOS = YES_AGGRESSIVE;
				GCC_WARN_UNUSED_FUNCTION = YES;
				GCC_WARN_UNUSED_VARIABLE = YES;
				IPHONEOS_DEPLOYMENT_TARGET = 16.2;
				MTL_ENABLE_DEBUG_INFO = NO;
				MTL_FAST_MATH = YES;
				SDKROOT = iphoneos;
				SWIFT_COMPILATION_MODE = wholemodule;
				SWIFT_OPTIMIZATION_LEVEL = "-O";
				VALIDATE_PRODUCT = YES;
			};
			name = Release;
		};
		40C4E4902960592B00F2D40C /* Debug */ = {
			isa = XCBuildConfiguration;
			buildSettings = {
				ASSETCATALOG_COMPILER_APPICON_NAME = AppIcon;
				ASSETCATALOG_COMPILER_GLOBAL_ACCENT_COLOR_NAME = AccentColor;
				CODE_SIGN_STYLE = Automatic;
				CURRENT_PROJECT_VERSION = 1;
				DEVELOPMENT_TEAM = M837VG5FFH;
				GENERATE_INFOPLIST_FILE = YES;
				INFOPLIST_FILE = RickAndMortyApp/Info.plist;
				INFOPLIST_KEY_UIApplicationSupportsIndirectInputEvents = YES;
				INFOPLIST_KEY_UILaunchStoryboardName = LaunchScreen;
				INFOPLIST_KEY_UISupportedInterfaceOrientations_iPad = "UIInterfaceOrientationPortrait UIInterfaceOrientationPortraitUpsideDown UIInterfaceOrientationLandscapeLeft UIInterfaceOrientationLandscapeRight";
				INFOPLIST_KEY_UISupportedInterfaceOrientations_iPhone = "UIInterfaceOrientationPortrait UIInterfaceOrientationLandscapeLeft UIInterfaceOrientationLandscapeRight";
				LD_RUNPATH_SEARCH_PATHS = (
					"$(inherited)",
					"@executable_path/Frameworks",
				);
				MARKETING_VERSION = 1.0;
				PRODUCT_BUNDLE_IDENTIFIER = ds.RickAndMortyApp;
				PRODUCT_NAME = "$(TARGET_NAME)";
				SWIFT_EMIT_LOC_STRINGS = YES;
				SWIFT_VERSION = 5.0;
				TARGETED_DEVICE_FAMILY = "1,2";
			};
			name = Debug;
		};
		40C4E4912960592B00F2D40C /* Release */ = {
			isa = XCBuildConfiguration;
			buildSettings = {
				ASSETCATALOG_COMPILER_APPICON_NAME = AppIcon;
				ASSETCATALOG_COMPILER_GLOBAL_ACCENT_COLOR_NAME = AccentColor;
				CODE_SIGN_STYLE = Automatic;
				CURRENT_PROJECT_VERSION = 1;
				DEVELOPMENT_TEAM = M837VG5FFH;
				GENERATE_INFOPLIST_FILE = YES;
				INFOPLIST_FILE = RickAndMortyApp/Info.plist;
				INFOPLIST_KEY_UIApplicationSupportsIndirectInputEvents = YES;
				INFOPLIST_KEY_UILaunchStoryboardName = LaunchScreen;
				INFOPLIST_KEY_UISupportedInterfaceOrientations_iPad = "UIInterfaceOrientationPortrait UIInterfaceOrientationPortraitUpsideDown UIInterfaceOrientationLandscapeLeft UIInterfaceOrientationLandscapeRight";
				INFOPLIST_KEY_UISupportedInterfaceOrientations_iPhone = "UIInterfaceOrientationPortrait UIInterfaceOrientationLandscapeLeft UIInterfaceOrientationLandscapeRight";
				LD_RUNPATH_SEARCH_PATHS = (
					"$(inherited)",
					"@executable_path/Frameworks",
				);
				MARKETING_VERSION = 1.0;
				PRODUCT_BUNDLE_IDENTIFIER = ds.RickAndMortyApp;
				PRODUCT_NAME = "$(TARGET_NAME)";
				SWIFT_EMIT_LOC_STRINGS = YES;
				SWIFT_VERSION = 5.0;
				TARGETED_DEVICE_FAMILY = "1,2";
			};
			name = Release;
		};
/* End XCBuildConfiguration section */

/* Begin XCConfigurationList section */
		40C4E4762960592500F2D40C /* Build configuration list for PBXProject "RickAndMortyApp" */ = {
			isa = XCConfigurationList;
			buildConfigurations = (
				40C4E48D2960592B00F2D40C /* Debug */,
				40C4E48E2960592B00F2D40C /* Release */,
			);
			defaultConfigurationIsVisible = 0;
			defaultConfigurationName = Release;
		};
		40C4E48F2960592B00F2D40C /* Build configuration list for PBXNativeTarget "RickAndMortyApp" */ = {
			isa = XCConfigurationList;
			buildConfigurations = (
				40C4E4902960592B00F2D40C /* Debug */,
				40C4E4912960592B00F2D40C /* Release */,
			);
			defaultConfigurationIsVisible = 0;
			defaultConfigurationName = Release;
		};
/* End XCConfigurationList section */
	};
	rootObject = 40C4E4732960592500F2D40C /* Project object */;
}
